
Microsoft Visual Studio Solution File, Format Version 12.00
# Visual Studio Version 17
VisualStudioVersion = 17.3.32929.385
MinimumVisualStudioVersion = 10.0.40219.1
Project("{FAE04EC0-301F-11D3-BF4B-00C04F79EFBC}") = "BitwiseAndShiftOperators", "BitwiseAndShiftOperators.csproj", "{0EEAC88D-C2DE-4DBF-9A74-FC3BC36EFE0B}"
EndProject
Global
	GlobalSection(SolutionConfigurationPlatforms) = preSolution
		Debug|Any CPU = Debug|Any CPU
		Release|Any CPU = Release|Any CPU
	EndGlobalSection
	GlobalSection(ProjectConfigurationPlatforms) = postSolution
		{0EEAC88D-C2DE-4DBF-9A74-FC3BC36EFE0B}.Debug|Any CPU.ActiveCfg = Debug|Any CPU
		{0EEAC88D-C2DE-4DBF-9A74-FC3BC36EFE0B}.Debug|Any CPU.Build.0 = Debug|Any CPU
		{0EEAC88D-C2DE-4DBF-9A74-FC3BC36EFE0B}.Release|Any CPU.ActiveCfg = Release|Any CPU
		{0EEAC88D-C2DE-4DBF-9A74-FC3BC36EFE0B}.Release|Any CPU.Build.0 = Release|Any CPU
	EndGlobalSection
	GlobalSection(SolutionProperties) = preSolution
		HideSolutionNode = FALSE
	EndGlobalSection
	GlobalSection(ExtensibilityGlobals) = postSolution
		SolutionGuid = {AB75FEF6-AB73-4F59-81F9-0AB6587ED992}
	EndGlobalSection
EndGlobal
