
Microsoft Visual Studio Solution File, Format Version 12.00
# Visual Studio Version 17
VisualStudioVersion = 17.3.32929.385
MinimumVisualStudioVersion = 10.0.40219.1
Project("{FAE04EC0-301F-11D3-BF4B-00C04F79EFBC}") = "BooleanOperators", "BooleanOperators.csproj", "{0CE4E38D-EE66-4218-9CBA-7235477DA895}"
EndProject
Global
	GlobalSection(SolutionConfigurationPlatforms) = preSolution
		Debug|Any CPU = Debug|Any CPU
		Release|Any CPU = Release|Any CPU
	EndGlobalSection
	GlobalSection(ProjectConfigurationPlatforms) = postSolution
		{0CE4E38D-EE66-4218-9CBA-7235477DA895}.Debug|Any CPU.ActiveCfg = Debug|Any CPU
		{0CE4E38D-EE66-4218-9CBA-7235477DA895}.Debug|Any CPU.Build.0 = Debug|Any CPU
		{0CE4E38D-EE66-4218-9CBA-7235477DA895}.Release|Any CPU.ActiveCfg = Release|Any CPU
		{0CE4E38D-EE66-4218-9CBA-7235477DA895}.Release|Any CPU.Build.0 = Release|Any CPU
	EndGlobalSection
	GlobalSection(SolutionProperties) = preSolution
		HideSolutionNode = FALSE
	EndGlobalSection
	GlobalSection(ExtensibilityGlobals) = postSolution
		SolutionGuid = {DD951D4F-20D1-4590-B0A5-F856D7F1DA56}
	EndGlobalSection
EndGlobal
